
Microsoft Visual Studio Solution File, Format Version 12.00
# Visual Studio Version 16
VisualStudioVersion = 16.0.30523.141
MinimumVisualStudioVersion = 10.0.40219.1
Project("{8BC9CEB8-8B4A-11D0-8D11-00A0C91BC942}") = "Lab_10.1(C++)", "Lab_10.1(C++)\Lab_10.1(C++).vcxproj", "{42D64A35-5E6A-4871-9FB8-22820DF23067}"
EndProject
Project("{8BC9CEB8-8B4A-11D0-8D11-00A0C91BC942}") = "UnitTest(Lab_10.1(C++))", "UnitTest(Lab_10.1(C++))\UnitTest(Lab_10.1(C++)).vcxproj", "{769281CD-C97F-4E83-A415-35E453447147}"
EndProject
Global
	GlobalSection(SolutionConfigurationPlatforms) = preSolution
		Debug|x64 = Debug|x64
		Debug|x86 = Debug|x86
		Release|x64 = Release|x64
		Release|x86 = Release|x86
	EndGlobalSection
	GlobalSection(ProjectConfigurationPlatforms) = postSolution
		{42D64A35-5E6A-4871-9FB8-22820DF23067}.Debug|x64.ActiveCfg = Debug|x64
		{42D64A35-5E6A-4871-9FB8-22820DF23067}.Debug|x64.Build.0 = Debug|x64
		{42D64A35-5E6A-4871-9FB8-22820DF23067}.Debug|x86.ActiveCfg = Debug|Win32
		{42D64A35-5E6A-4871-9FB8-22820DF23067}.Debug|x86.Build.0 = Debug|Win32
		{42D64A35-5E6A-4871-9FB8-22820DF23067}.Release|x64.ActiveCfg = Release|x64
		{42D64A35-5E6A-4871-9FB8-22820DF23067}.Release|x64.Build.0 = Release|x64
		{42D64A35-5E6A-4871-9FB8-22820DF23067}.Release|x86.ActiveCfg = Release|Win32
		{42D64A35-5E6A-4871-9FB8-22820DF23067}.Release|x86.Build.0 = Release|Win32
		{769281CD-C97F-4E83-A415-35E453447147}.Debug|x64.ActiveCfg = Debug|x64
		{769281CD-C97F-4E83-A415-35E453447147}.Debug|x64.Build.0 = Debug|x64
		{769281CD-C97F-4E83-A415-35E453447147}.Debug|x86.ActiveCfg = Debug|Win32
		{769281CD-C97F-4E83-A415-35E453447147}.Debug|x86.Build.0 = Debug|Win32
		{769281CD-C97F-4E83-A415-35E453447147}.Release|x64.ActiveCfg = Release|x64
		{769281CD-C97F-4E83-A415-35E453447147}.Release|x64.Build.0 = Release|x64
		{769281CD-C97F-4E83-A415-35E453447147}.Release|x86.ActiveCfg = Release|Win32
		{769281CD-C97F-4E83-A415-35E453447147}.Release|x86.Build.0 = Release|Win32
	EndGlobalSection
	GlobalSection(SolutionProperties) = preSolution
		HideSolutionNode = FALSE
	EndGlobalSection
	GlobalSection(ExtensibilityGlobals) = postSolution
		SolutionGuid = {90E1CAA8-1A2E-4799-A30E-99D3502B8C44}
	EndGlobalSection
EndGlobal
